
Microsoft Visual Studio Solution File, Format Version 12.00
# Visual Studio 15
VisualStudioVersion = 15.0.28010.2036
MinimumVisualStudioVersion = 10.0.40219.1
Project("{9A19103F-16F7-4668-BE54-9A1E7A4F7556}") = "ForexTrader", "ForexTrader\ForexTrader.csproj", "{3AC69F0A-2B7B-4E84-BA67-8A799FCCD397}"
EndProject
Project("{9A19103F-16F7-4668-BE54-9A1E7A4F7556}") = "ForexTrader.Logging", "ForExTrader.Logger\ForexTrader.Logging.csproj", "{17A78CFB-3417-4D27-B763-B379475860A0}"
EndProject
Project("{9A19103F-16F7-4668-BE54-9A1E7A4F7556}") = "ForexTrader.Cryptography", "ForExTrader.Cryptography\ForexTrader.Cryptography.csproj", "{A00D9346-F6DE-4E3E-84F5-2301DA8DDFA5}"
EndProject
Project("{9A19103F-16F7-4668-BE54-9A1E7A4F7556}") = "ForexTrader.DataCollector", "ForexTrader.DataCollector\ForexTrader.DataCollector.csproj", "{B383E4D7-F88E-4C22-A7BD-FBDFA37403C9}"
EndProject
Project("{9A19103F-16F7-4668-BE54-9A1E7A4F7556}") = "ForexTrader.ML", "ForexTrader.ML\ForexTrader.ML.csproj", "{9FD70D3D-DFC5-40EC-BB59-5FF10FF42E77}"
EndProject
Project("{2150E333-8FDC-42A3-9474-1A3956D46DE8}") = "Tests", "Tests", "{9AA727ED-F8D1-49F4-8BA6-164B7689FDEC}"
EndProject
Project("{FAE04EC0-301F-11D3-BF4B-00C04F79EFBC}") = "ForexTrader.Cryptography.Tests", "ForexTrader.Cryptography.Tests\ForexTrader.Cryptography.Tests.csproj", "{8BEF9C55-7C8B-46A3-A984-89FDA2D5857C}"
EndProject
Global
	GlobalSection(SolutionConfigurationPlatforms) = preSolution
		Debug|Any CPU = Debug|Any CPU
		Release|Any CPU = Release|Any CPU
	EndGlobalSection
	GlobalSection(ProjectConfigurationPlatforms) = postSolution
		{3AC69F0A-2B7B-4E84-BA67-8A799FCCD397}.Debug|Any CPU.ActiveCfg = Debug|Any CPU
		{3AC69F0A-2B7B-4E84-BA67-8A799FCCD397}.Debug|Any CPU.Build.0 = Debug|Any CPU
		{3AC69F0A-2B7B-4E84-BA67-8A799FCCD397}.Release|Any CPU.ActiveCfg = Release|Any CPU
		{3AC69F0A-2B7B-4E84-BA67-8A799FCCD397}.Release|Any CPU.Build.0 = Release|Any CPU
		{17A78CFB-3417-4D27-B763-B379475860A0}.Debug|Any CPU.ActiveCfg = Debug|Any CPU
		{17A78CFB-3417-4D27-B763-B379475860A0}.Debug|Any CPU.Build.0 = Debug|Any CPU
		{17A78CFB-3417-4D27-B763-B379475860A0}.Release|Any CPU.ActiveCfg = Release|Any CPU
		{17A78CFB-3417-4D27-B763-B379475860A0}.Release|Any CPU.Build.0 = Release|Any CPU
		{A00D9346-F6DE-4E3E-84F5-2301DA8DDFA5}.Debug|Any CPU.ActiveCfg = Debug|Any CPU
		{A00D9346-F6DE-4E3E-84F5-2301DA8DDFA5}.Debug|Any CPU.Build.0 = Debug|Any CPU
		{A00D9346-F6DE-4E3E-84F5-2301DA8DDFA5}.Release|Any CPU.ActiveCfg = Release|Any CPU
		{A00D9346-F6DE-4E3E-84F5-2301DA8DDFA5}.Release|Any CPU.Build.0 = Release|Any CPU
		{B383E4D7-F88E-4C22-A7BD-FBDFA37403C9}.Debug|Any CPU.ActiveCfg = Debug|Any CPU
		{B383E4D7-F88E-4C22-A7BD-FBDFA37403C9}.Debug|Any CPU.Build.0 = Debug|Any CPU
		{B383E4D7-F88E-4C22-A7BD-FBDFA37403C9}.Release|Any CPU.ActiveCfg = Release|Any CPU
		{B383E4D7-F88E-4C22-A7BD-FBDFA37403C9}.Release|Any CPU.Build.0 = Release|Any CPU
		{9FD70D3D-DFC5-40EC-BB59-5FF10FF42E77}.Debug|Any CPU.ActiveCfg = Debug|Any CPU
		{9FD70D3D-DFC5-40EC-BB59-5FF10FF42E77}.Debug|Any CPU.Build.0 = Debug|Any CPU
		{9FD70D3D-DFC5-40EC-BB59-5FF10FF42E77}.Release|Any CPU.ActiveCfg = Release|Any CPU
		{9FD70D3D-DFC5-40EC-BB59-5FF10FF42E77}.Release|Any CPU.Build.0 = Release|Any CPU
		{8BEF9C55-7C8B-46A3-A984-89FDA2D5857C}.Debug|Any CPU.ActiveCfg = Debug|Any CPU
		{8BEF9C55-7C8B-46A3-A984-89FDA2D5857C}.Debug|Any CPU.Build.0 = Debug|Any CPU
		{8BEF9C55-7C8B-46A3-A984-89FDA2D5857C}.Release|Any CPU.ActiveCfg = Release|Any CPU
		{8BEF9C55-7C8B-46A3-A984-89FDA2D5857C}.Release|Any CPU.Build.0 = Release|Any CPU
	EndGlobalSection
	GlobalSection(SolutionProperties) = preSolution
		HideSolutionNode = FALSE
	EndGlobalSection
	GlobalSection(NestedProjects) = preSolution
		{8BEF9C55-7C8B-46A3-A984-89FDA2D5857C} = {9AA727ED-F8D1-49F4-8BA6-164B7689FDEC}
	EndGlobalSection
	GlobalSection(ExtensibilityGlobals) = postSolution
		SolutionGuid = {F9C0DB6E-30FB-403E-8B38-CB0C980796CC}
	EndGlobalSection
EndGlobal
